
Microsoft Visual Studio Solution File, Format Version 12.00
# Visual Studio Version 17
VisualStudioVersion = 17.1.32319.34
MinimumVisualStudioVersion = 10.0.40219.1
Project("{FAE04EC0-301F-11D3-BF4B-00C04F79EFBC}") = "bars-group-delivery.WebAPI", "bars-group-delivery.WebAPI\bars-group-delivery.WebAPI.csproj", "{9BD9EDCC-CA64-4DE3-BA52-6662E357E315}"
EndProject
Global
	GlobalSection(SolutionConfigurationPlatforms) = preSolution
		Debug|Any CPU = Debug|Any CPU
		Release|Any CPU = Release|Any CPU
	EndGlobalSection
	GlobalSection(ProjectConfigurationPlatforms) = postSolution
		{9BD9EDCC-CA64-4DE3-BA52-6662E357E315}.Debug|Any CPU.ActiveCfg = Debug|Any CPU
		{9BD9EDCC-CA64-4DE3-BA52-6662E357E315}.Debug|Any CPU.Build.0 = Debug|Any CPU
		{9BD9EDCC-CA64-4DE3-BA52-6662E357E315}.Release|Any CPU.ActiveCfg = Release|Any CPU
		{9BD9EDCC-CA64-4DE3-BA52-6662E357E315}.Release|Any CPU.Build.0 = Release|Any CPU
	EndGlobalSection
	GlobalSection(SolutionProperties) = preSolution
		HideSolutionNode = FALSE
	EndGlobalSection
	GlobalSection(ExtensibilityGlobals) = postSolution
		SolutionGuid = {7B6D1F4C-D83F-4B79-8DA8-BF5BCFCAE02D}
	EndGlobalSection
EndGlobal
